<Solution>
  <Folder Name="/src/" Id="02ea681e-c7d8-13c7-8484-4ac65e1b71e8">
    <Project Path="src/CloakId.AspNetCore/CloakId.AspNetCore.csproj" />
    <Project Path="src/CloakId.Sqids/CloakId.Sqids.csproj" />
    <Project Path="src/CloakId/CloakId.csproj" />
  </Folder>
  <Folder Name="/tests/" Id="56479f4c-43bd-4a46-bea9-8f4c205f8baf">
    <Project Path="tests/CloakId.Tests/CloakId.Tests.csproj" Id="903f822c-8c6b-447e-bb1a-8bdde25a971d" />
  </Folder>
  <Folder Name="/benchmarks/" Id="7f2e9a81-4b3c-4d5e-8f6a-9b0c1d2e3f4g">
    <Project Path="benchmarks/CloakId.Benchmarks/CloakId.Benchmarks.csproj" />
  </Folder>
  <Folder Name="/examples/" Id="8a3f0b92-5d4e-6f7a-0b1c-2d3e4f5a6b7c">
    <Project Path="examples/AttributeBasedUsage/AttributeBasedUsage.csproj" />
    <Project Path="examples/WebApiExample/WebApiExample.csproj" />
  </Folder>
</Solution>
