
Microsoft Visual Studio Solution File, Format Version 12.00
# Visual Studio Version 17
VisualStudioVersion = 17.0.31903.59
MinimumVisualStudioVersion = 10.0.40219.1
Project("{2150E333-8FDC-42A3-9474-1A3956D46DE8}") = "src", "src", "{827E0CD3-B72D-47B6-A68D-7590B98EB39B}"
EndProject
Project("{FAE04EC0-301F-11D3-BF4B-00C04F79EFBC}") = "CloakId", "src\CloakId\CloakId.csproj", "{23106587-325D-4C1A-AD56-84F508A3D090}"
EndProject
Project("{FAE04EC0-301F-11D3-BF4B-00C04F79EFBC}") = "CloakId.AspNetCore", "src\CloakId.AspNetCore\CloakId.AspNetCore.csproj", "{416DC9A4-41D6-4395-871D-FB264A30B34D}"
EndProject
Project("{FAE04EC0-301F-11D3-BF4B-00C04F79EFBC}") = "CloakId.Sqids", "src\CloakId.Sqids\CloakId.Sqids.csproj", "{DF687137-5F0B-4069-9298-C79616DEC0A2}"
EndProject
Project("{FAE04EC0-301F-11D3-BF4B-00C04F79EFBC}") = "CloakId.Tests", "tests\CloakId.Tests\CloakId.Tests.csproj", "{F138A0A2-2FAE-4D0A-8831-854FCD683345}"
EndProject
Project("{FAE04EC0-301F-11D3-BF4B-00C04F79EFBC}") = "CloakId.Benchmarks", "benchmarks\CloakId.Benchmarks\CloakId.Benchmarks.csproj", "{404F30E4-B64D-4188-8CD6-B24C1C464A3E}"
EndProject
Project("{FAE04EC0-301F-11D3-BF4B-00C04F79EFBC}") = "AttributeBasedUsage", "examples\AttributeBasedUsage\AttributeBasedUsage.csproj", "{46727222-3245-4E78-8924-3785E53E92DF}"
EndProject
Project("{FAE04EC0-301F-11D3-BF4B-00C04F79EFBC}") = "WebApi", "examples\WebApi\WebApi.csproj", "{60207D16-F899-4D5D-B104-83FC660D5818}"
EndProject
Project("{2150E333-8FDC-42A3-9474-1A3956D46DE8}") = "examples", "examples", "{B36A84DF-456D-A817-6EDD-3EC3E7F6E11F}"
EndProject
Project("{2150E333-8FDC-42A3-9474-1A3956D46DE8}") = "tests", "tests", "{0AB3BF05-4346-4AA6-1389-037BE0695223}"
EndProject
Project("{2150E333-8FDC-42A3-9474-1A3956D46DE8}") = "benchmarks", "benchmarks", "{66320409-64EC-F7C5-3DEF-65E7510DAAD1}"
EndProject
Global
	GlobalSection(SolutionConfigurationPlatforms) = preSolution
		Debug|Any CPU = Debug|Any CPU
		Debug|x64 = Debug|x64
		Debug|x86 = Debug|x86
		Release|Any CPU = Release|Any CPU
		Release|x64 = Release|x64
		Release|x86 = Release|x86
	EndGlobalSection
	GlobalSection(ProjectConfigurationPlatforms) = postSolution
		{23106587-325D-4C1A-AD56-84F508A3D090}.Debug|Any CPU.ActiveCfg = Debug|Any CPU
		{23106587-325D-4C1A-AD56-84F508A3D090}.Debug|Any CPU.Build.0 = Debug|Any CPU
		{23106587-325D-4C1A-AD56-84F508A3D090}.Debug|x64.ActiveCfg = Debug|Any CPU
		{23106587-325D-4C1A-AD56-84F508A3D090}.Debug|x64.Build.0 = Debug|Any CPU
		{23106587-325D-4C1A-AD56-84F508A3D090}.Debug|x86.ActiveCfg = Debug|Any CPU
		{23106587-325D-4C1A-AD56-84F508A3D090}.Debug|x86.Build.0 = Debug|Any CPU
		{23106587-325D-4C1A-AD56-84F508A3D090}.Release|Any CPU.ActiveCfg = Release|Any CPU
		{23106587-325D-4C1A-AD56-84F508A3D090}.Release|Any CPU.Build.0 = Release|Any CPU
		{23106587-325D-4C1A-AD56-84F508A3D090}.Release|x64.ActiveCfg = Release|Any CPU
		{23106587-325D-4C1A-AD56-84F508A3D090}.Release|x64.Build.0 = Release|Any CPU
		{23106587-325D-4C1A-AD56-84F508A3D090}.Release|x86.ActiveCfg = Release|Any CPU
		{23106587-325D-4C1A-AD56-84F508A3D090}.Release|x86.Build.0 = Release|Any CPU
		{416DC9A4-41D6-4395-871D-FB264A30B34D}.Debug|Any CPU.ActiveCfg = Debug|Any CPU
		{416DC9A4-41D6-4395-871D-FB264A30B34D}.Debug|Any CPU.Build.0 = Debug|Any CPU
		{416DC9A4-41D6-4395-871D-FB264A30B34D}.Debug|x64.ActiveCfg = Debug|Any CPU
		{416DC9A4-41D6-4395-871D-FB264A30B34D}.Debug|x64.Build.0 = Debug|Any CPU
		{416DC9A4-41D6-4395-871D-FB264A30B34D}.Debug|x86.ActiveCfg = Debug|Any CPU
		{416DC9A4-41D6-4395-871D-FB264A30B34D}.Debug|x86.Build.0 = Debug|Any CPU
		{416DC9A4-41D6-4395-871D-FB264A30B34D}.Release|Any CPU.ActiveCfg = Release|Any CPU
		{416DC9A4-41D6-4395-871D-FB264A30B34D}.Release|Any CPU.Build.0 = Release|Any CPU
		{416DC9A4-41D6-4395-871D-FB264A30B34D}.Release|x64.ActiveCfg = Release|Any CPU
		{416DC9A4-41D6-4395-871D-FB264A30B34D}.Release|x64.Build.0 = Release|Any CPU
		{416DC9A4-41D6-4395-871D-FB264A30B34D}.Release|x86.ActiveCfg = Release|Any CPU
		{416DC9A4-41D6-4395-871D-FB264A30B34D}.Release|x86.Build.0 = Release|Any CPU
		{DF687137-5F0B-4069-9298-C79616DEC0A2}.Debug|Any CPU.ActiveCfg = Debug|Any CPU
		{DF687137-5F0B-4069-9298-C79616DEC0A2}.Debug|Any CPU.Build.0 = Debug|Any CPU
		{DF687137-5F0B-4069-9298-C79616DEC0A2}.Debug|x64.ActiveCfg = Debug|Any CPU
		{DF687137-5F0B-4069-9298-C79616DEC0A2}.Debug|x64.Build.0 = Debug|Any CPU
		{DF687137-5F0B-4069-9298-C79616DEC0A2}.Debug|x86.ActiveCfg = Debug|Any CPU
		{DF687137-5F0B-4069-9298-C79616DEC0A2}.Debug|x86.Build.0 = Debug|Any CPU
		{DF687137-5F0B-4069-9298-C79616DEC0A2}.Release|Any CPU.ActiveCfg = Release|Any CPU
		{DF687137-5F0B-4069-9298-C79616DEC0A2}.Release|Any CPU.Build.0 = Release|Any CPU
		{DF687137-5F0B-4069-9298-C79616DEC0A2}.Release|x64.ActiveCfg = Release|Any CPU
		{DF687137-5F0B-4069-9298-C79616DEC0A2}.Release|x64.Build.0 = Release|Any CPU
		{DF687137-5F0B-4069-9298-C79616DEC0A2}.Release|x86.ActiveCfg = Release|Any CPU
		{DF687137-5F0B-4069-9298-C79616DEC0A2}.Release|x86.Build.0 = Release|Any CPU
		{F138A0A2-2FAE-4D0A-8831-854FCD683345}.Debug|Any CPU.ActiveCfg = Debug|Any CPU
		{F138A0A2-2FAE-4D0A-8831-854FCD683345}.Debug|Any CPU.Build.0 = Debug|Any CPU
		{F138A0A2-2FAE-4D0A-8831-854FCD683345}.Debug|x64.ActiveCfg = Debug|Any CPU
		{F138A0A2-2FAE-4D0A-8831-854FCD683345}.Debug|x64.Build.0 = Debug|Any CPU
		{F138A0A2-2FAE-4D0A-8831-854FCD683345}.Debug|x86.ActiveCfg = Debug|Any CPU
		{F138A0A2-2FAE-4D0A-8831-854FCD683345}.Debug|x86.Build.0 = Debug|Any CPU
		{F138A0A2-2FAE-4D0A-8831-854FCD683345}.Release|Any CPU.ActiveCfg = Release|Any CPU
		{F138A0A2-2FAE-4D0A-8831-854FCD683345}.Release|Any CPU.Build.0 = Release|Any CPU
		{F138A0A2-2FAE-4D0A-8831-854FCD683345}.Release|x64.ActiveCfg = Release|Any CPU
		{F138A0A2-2FAE-4D0A-8831-854FCD683345}.Release|x64.Build.0 = Release|Any CPU
		{F138A0A2-2FAE-4D0A-8831-854FCD683345}.Release|x86.ActiveCfg = Release|Any CPU
		{F138A0A2-2FAE-4D0A-8831-854FCD683345}.Release|x86.Build.0 = Release|Any CPU
		{404F30E4-B64D-4188-8CD6-B24C1C464A3E}.Debug|Any CPU.ActiveCfg = Debug|Any CPU
		{404F30E4-B64D-4188-8CD6-B24C1C464A3E}.Debug|Any CPU.Build.0 = Debug|Any CPU
		{404F30E4-B64D-4188-8CD6-B24C1C464A3E}.Debug|x64.ActiveCfg = Debug|Any CPU
		{404F30E4-B64D-4188-8CD6-B24C1C464A3E}.Debug|x64.Build.0 = Debug|Any CPU
		{404F30E4-B64D-4188-8CD6-B24C1C464A3E}.Debug|x86.ActiveCfg = Debug|Any CPU
		{404F30E4-B64D-4188-8CD6-B24C1C464A3E}.Debug|x86.Build.0 = Debug|Any CPU
		{404F30E4-B64D-4188-8CD6-B24C1C464A3E}.Release|Any CPU.ActiveCfg = Release|Any CPU
		{404F30E4-B64D-4188-8CD6-B24C1C464A3E}.Release|Any CPU.Build.0 = Release|Any CPU
		{404F30E4-B64D-4188-8CD6-B24C1C464A3E}.Release|x64.ActiveCfg = Release|Any CPU
		{404F30E4-B64D-4188-8CD6-B24C1C464A3E}.Release|x64.Build.0 = Release|Any CPU
		{404F30E4-B64D-4188-8CD6-B24C1C464A3E}.Release|x86.ActiveCfg = Release|Any CPU
		{404F30E4-B64D-4188-8CD6-B24C1C464A3E}.Release|x86.Build.0 = Release|Any CPU
		{46727222-3245-4E78-8924-3785E53E92DF}.Debug|Any CPU.ActiveCfg = Debug|Any CPU
		{46727222-3245-4E78-8924-3785E53E92DF}.Debug|Any CPU.Build.0 = Debug|Any CPU
		{46727222-3245-4E78-8924-3785E53E92DF}.Debug|x64.ActiveCfg = Debug|Any CPU
		{46727222-3245-4E78-8924-3785E53E92DF}.Debug|x64.Build.0 = Debug|Any CPU
		{46727222-3245-4E78-8924-3785E53E92DF}.Debug|x86.ActiveCfg = Debug|Any CPU
		{46727222-3245-4E78-8924-3785E53E92DF}.Debug|x86.Build.0 = Debug|Any CPU
		{46727222-3245-4E78-8924-3785E53E92DF}.Release|Any CPU.ActiveCfg = Release|Any CPU
		{46727222-3245-4E78-8924-3785E53E92DF}.Release|Any CPU.Build.0 = Release|Any CPU
		{46727222-3245-4E78-8924-3785E53E92DF}.Release|x64.ActiveCfg = Release|Any CPU
		{46727222-3245-4E78-8924-3785E53E92DF}.Release|x64.Build.0 = Release|Any CPU
		{46727222-3245-4E78-8924-3785E53E92DF}.Release|x86.ActiveCfg = Release|Any CPU
		{46727222-3245-4E78-8924-3785E53E92DF}.Release|x86.Build.0 = Release|Any CPU
		{60207D16-F899-4D5D-B104-83FC660D5818}.Debug|Any CPU.ActiveCfg = Debug|Any CPU
		{60207D16-F899-4D5D-B104-83FC660D5818}.Debug|Any CPU.Build.0 = Debug|Any CPU
		{60207D16-F899-4D5D-B104-83FC660D5818}.Debug|x64.ActiveCfg = Debug|Any CPU
		{60207D16-F899-4D5D-B104-83FC660D5818}.Debug|x64.Build.0 = Debug|Any CPU
		{60207D16-F899-4D5D-B104-83FC660D5818}.Debug|x86.ActiveCfg = Debug|Any CPU
		{60207D16-F899-4D5D-B104-83FC660D5818}.Debug|x86.Build.0 = Debug|Any CPU
		{60207D16-F899-4D5D-B104-83FC660D5818}.Release|Any CPU.ActiveCfg = Release|Any CPU
		{60207D16-F899-4D5D-B104-83FC660D5818}.Release|Any CPU.Build.0 = Release|Any CPU
		{60207D16-F899-4D5D-B104-83FC660D5818}.Release|x64.ActiveCfg = Release|Any CPU
		{60207D16-F899-4D5D-B104-83FC660D5818}.Release|x64.Build.0 = Release|Any CPU
		{60207D16-F899-4D5D-B104-83FC660D5818}.Release|x86.ActiveCfg = Release|Any CPU
		{60207D16-F899-4D5D-B104-83FC660D5818}.Release|x86.Build.0 = Release|Any CPU
	EndGlobalSection
	GlobalSection(SolutionProperties) = preSolution
		HideSolutionNode = FALSE
	EndGlobalSection
	GlobalSection(NestedProjects) = preSolution
		{23106587-325D-4C1A-AD56-84F508A3D090} = {827E0CD3-B72D-47B6-A68D-7590B98EB39B}
		{416DC9A4-41D6-4395-871D-FB264A30B34D} = {827E0CD3-B72D-47B6-A68D-7590B98EB39B}
		{DF687137-5F0B-4069-9298-C79616DEC0A2} = {827E0CD3-B72D-47B6-A68D-7590B98EB39B}
		{F138A0A2-2FAE-4D0A-8831-854FCD683345} = {0AB3BF05-4346-4AA6-1389-037BE0695223}
		{404F30E4-B64D-4188-8CD6-B24C1C464A3E} = {66320409-64EC-F7C5-3DEF-65E7510DAAD1}
		{46727222-3245-4E78-8924-3785E53E92DF} = {B36A84DF-456D-A817-6EDD-3EC3E7F6E11F}
		{60207D16-F899-4D5D-B104-83FC660D5818} = {B36A84DF-456D-A817-6EDD-3EC3E7F6E11F}
	EndGlobalSection
EndGlobal
